
Microsoft Visual Studio Solution File, Format Version 12.00
# Visual Studio Version 17
VisualStudioVersion = 17.2.32630.192
MinimumVisualStudioVersion = 10.0.40219.1
Project("{8BC9CEB8-8B4A-11D0-8D11-00A0C91BC942}") = "blooDot", "blooDot.vcxproj", "{6B17BCA6-5BD1-4A5D-9603-E90912C1EC24}"
EndProject
Project("{8BC9CEB8-8B4A-11D0-8D11-00A0C91BC942}") = "multithreadrendertest", "..\multithreadrendertest\multithreadrendertest.vcxproj", "{3D3A3187-F03B-41EE-97E5-A2ECB7ED070E}"
EndProject
Global
	GlobalSection(SolutionConfigurationPlatforms) = preSolution
		Debug|ARM = Debug|ARM
		Debug|ARM64 = Debug|ARM64
		Debug|x64 = Debug|x64
		Debug|x86 = Debug|x86
		Release|ARM = Release|ARM
		Release|ARM64 = Release|ARM64
		Release|x64 = Release|x64
		Release|x86 = Release|x86
		Xassy|ARM = Xassy|ARM
		Xassy|ARM64 = Xassy|ARM64
		Xassy|x64 = Xassy|x64
		Xassy|x86 = Xassy|x86
	EndGlobalSection
	GlobalSection(ProjectConfigurationPlatforms) = postSolution
		{6B17BCA6-5BD1-4A5D-9603-E90912C1EC24}.Debug|ARM.ActiveCfg = Debug|x64
		{6B17BCA6-5BD1-4A5D-9603-E90912C1EC24}.Debug|ARM.Build.0 = Debug|x64
		{6B17BCA6-5BD1-4A5D-9603-E90912C1EC24}.Debug|ARM64.ActiveCfg = Debug|x64
		{6B17BCA6-5BD1-4A5D-9603-E90912C1EC24}.Debug|ARM64.Build.0 = Debug|x64
		{6B17BCA6-5BD1-4A5D-9603-E90912C1EC24}.Debug|x64.ActiveCfg = Debug|x64
		{6B17BCA6-5BD1-4A5D-9603-E90912C1EC24}.Debug|x64.Build.0 = Debug|x64
		{6B17BCA6-5BD1-4A5D-9603-E90912C1EC24}.Debug|x86.ActiveCfg = Debug|Win32
		{6B17BCA6-5BD1-4A5D-9603-E90912C1EC24}.Debug|x86.Build.0 = Debug|Win32
		{6B17BCA6-5BD1-4A5D-9603-E90912C1EC24}.Release|ARM.ActiveCfg = Release|x64
		{6B17BCA6-5BD1-4A5D-9603-E90912C1EC24}.Release|ARM.Build.0 = Release|x64
		{6B17BCA6-5BD1-4A5D-9603-E90912C1EC24}.Release|ARM64.ActiveCfg = Release|x64
		{6B17BCA6-5BD1-4A5D-9603-E90912C1EC24}.Release|ARM64.Build.0 = Release|x64
		{6B17BCA6-5BD1-4A5D-9603-E90912C1EC24}.Release|x64.ActiveCfg = Release|x64
		{6B17BCA6-5BD1-4A5D-9603-E90912C1EC24}.Release|x64.Build.0 = Release|x64
		{6B17BCA6-5BD1-4A5D-9603-E90912C1EC24}.Release|x86.ActiveCfg = Release|Win32
		{6B17BCA6-5BD1-4A5D-9603-E90912C1EC24}.Release|x86.Build.0 = Release|Win32
		{6B17BCA6-5BD1-4A5D-9603-E90912C1EC24}.Xassy|ARM.ActiveCfg = Xassy|x64
		{6B17BCA6-5BD1-4A5D-9603-E90912C1EC24}.Xassy|ARM.Build.0 = Xassy|x64
		{6B17BCA6-5BD1-4A5D-9603-E90912C1EC24}.Xassy|ARM64.ActiveCfg = Xassy|x64
		{6B17BCA6-5BD1-4A5D-9603-E90912C1EC24}.Xassy|ARM64.Build.0 = Xassy|x64
		{6B17BCA6-5BD1-4A5D-9603-E90912C1EC24}.Xassy|x64.ActiveCfg = Xassy|x64
		{6B17BCA6-5BD1-4A5D-9603-E90912C1EC24}.Xassy|x64.Build.0 = Xassy|x64
		{6B17BCA6-5BD1-4A5D-9603-E90912C1EC24}.Xassy|x86.ActiveCfg = Xassy|Win32
		{6B17BCA6-5BD1-4A5D-9603-E90912C1EC24}.Xassy|x86.Build.0 = Xassy|Win32
		{3D3A3187-F03B-41EE-97E5-A2ECB7ED070E}.Debug|ARM.ActiveCfg = Debug|ARM
		{3D3A3187-F03B-41EE-97E5-A2ECB7ED070E}.Debug|ARM.Build.0 = Debug|ARM
		{3D3A3187-F03B-41EE-97E5-A2ECB7ED070E}.Debug|ARM.Deploy.0 = Debug|ARM
		{3D3A3187-F03B-41EE-97E5-A2ECB7ED070E}.Debug|ARM64.ActiveCfg = Debug|ARM64
		{3D3A3187-F03B-41EE-97E5-A2ECB7ED070E}.Debug|ARM64.Build.0 = Debug|ARM64
		{3D3A3187-F03B-41EE-97E5-A2ECB7ED070E}.Debug|ARM64.Deploy.0 = Debug|ARM64
		{3D3A3187-F03B-41EE-97E5-A2ECB7ED070E}.Debug|x64.ActiveCfg = Debug|x64
		{3D3A3187-F03B-41EE-97E5-A2ECB7ED070E}.Debug|x64.Build.0 = Debug|x64
		{3D3A3187-F03B-41EE-97E5-A2ECB7ED070E}.Debug|x64.Deploy.0 = Debug|x64
		{3D3A3187-F03B-41EE-97E5-A2ECB7ED070E}.Debug|x86.ActiveCfg = Debug|x86
		{3D3A3187-F03B-41EE-97E5-A2ECB7ED070E}.Debug|x86.Build.0 = Debug|x86
		{3D3A3187-F03B-41EE-97E5-A2ECB7ED070E}.Debug|x86.Deploy.0 = Debug|x86
		{3D3A3187-F03B-41EE-97E5-A2ECB7ED070E}.Release|ARM.ActiveCfg = Release|ARM
		{3D3A3187-F03B-41EE-97E5-A2ECB7ED070E}.Release|ARM.Build.0 = Release|ARM
		{3D3A3187-F03B-41EE-97E5-A2ECB7ED070E}.Release|ARM.Deploy.0 = Release|ARM
		{3D3A3187-F03B-41EE-97E5-A2ECB7ED070E}.Release|ARM64.ActiveCfg = Release|ARM64
		{3D3A3187-F03B-41EE-97E5-A2ECB7ED070E}.Release|ARM64.Build.0 = Release|ARM64
		{3D3A3187-F03B-41EE-97E5-A2ECB7ED070E}.Release|ARM64.Deploy.0 = Release|ARM64
		{3D3A3187-F03B-41EE-97E5-A2ECB7ED070E}.Release|x64.ActiveCfg = Release|x64
		{3D3A3187-F03B-41EE-97E5-A2ECB7ED070E}.Release|x64.Build.0 = Release|x64
		{3D3A3187-F03B-41EE-97E5-A2ECB7ED070E}.Release|x64.Deploy.0 = Release|x64
		{3D3A3187-F03B-41EE-97E5-A2ECB7ED070E}.Release|x86.ActiveCfg = Release|x86
		{3D3A3187-F03B-41EE-97E5-A2ECB7ED070E}.Release|x86.Build.0 = Release|x86
		{3D3A3187-F03B-41EE-97E5-A2ECB7ED070E}.Release|x86.Deploy.0 = Release|x86
		{3D3A3187-F03B-41EE-97E5-A2ECB7ED070E}.Xassy|ARM.ActiveCfg = Debug|ARM
		{3D3A3187-F03B-41EE-97E5-A2ECB7ED070E}.Xassy|ARM.Build.0 = Debug|ARM
		{3D3A3187-F03B-41EE-97E5-A2ECB7ED070E}.Xassy|ARM.Deploy.0 = Debug|ARM
		{3D3A3187-F03B-41EE-97E5-A2ECB7ED070E}.Xassy|ARM64.ActiveCfg = Debug|ARM64
		{3D3A3187-F03B-41EE-97E5-A2ECB7ED070E}.Xassy|ARM64.Build.0 = Debug|ARM64
		{3D3A3187-F03B-41EE-97E5-A2ECB7ED070E}.Xassy|ARM64.Deploy.0 = Debug|ARM64
		{3D3A3187-F03B-41EE-97E5-A2ECB7ED070E}.Xassy|x64.ActiveCfg = Debug|x64
		{3D3A3187-F03B-41EE-97E5-A2ECB7ED070E}.Xassy|x64.Build.0 = Debug|x64
		{3D3A3187-F03B-41EE-97E5-A2ECB7ED070E}.Xassy|x64.Deploy.0 = Debug|x64
		{3D3A3187-F03B-41EE-97E5-A2ECB7ED070E}.Xassy|x86.ActiveCfg = Debug|x86
		{3D3A3187-F03B-41EE-97E5-A2ECB7ED070E}.Xassy|x86.Build.0 = Debug|x86
		{3D3A3187-F03B-41EE-97E5-A2ECB7ED070E}.Xassy|x86.Deploy.0 = Debug|x86
	EndGlobalSection
	GlobalSection(SolutionProperties) = preSolution
		HideSolutionNode = FALSE
	EndGlobalSection
	GlobalSection(ExtensibilityGlobals) = postSolution
		SolutionGuid = {72698DF3-17E6-4FA4-82F0-B2645117729A}
	EndGlobalSection
EndGlobal
