<?xml version="1.0" encoding="utf-8"?>
<Project ToolsVersion="4.0" xmlns="http://schemas.microsoft.com/developer/msbuild/2003">
  <ItemGroup>
    <Filter Include="Resource Files">
      <UniqueIdentifier>{67DA6AB6-F800-4c08-8B7A-83BB121AAD01}</UniqueIdentifier>
      <Extensions>rc;ico;cur;bmp;dlg;rc2;rct;bin;rgs;gif;jpg;jpeg;jpe;resx;tiff;tif;png;wav;mfcribbon-ms</Extensions>
    </Filter>
    <Filter Include="Planning">
      <UniqueIdentifier>{bb8a392c-d034-4162-8457-3bbd0c1006f4}</UniqueIdentifier>
    </Filter>
    <Filter Include="_Source Files">
      <UniqueIdentifier>{4FC737F1-C7A5-4376-A066-2A32D752A2FF}</UniqueIdentifier>
      <Extensions>cpp;c;cc;cxx;def;odl;idl;hpj;bat;asm;asmx</Extensions>
    </Filter>
    <Filter Include="Resource Files\dings">
      <UniqueIdentifier>{991bd455-6340-420b-829c-7106346a443a}</UniqueIdentifier>
    </Filter>
    <Filter Include="_Source Files\ui">
      <UniqueIdentifier>{98ccbfb1-caaf-4618-946b-1a05fda65f64}</UniqueIdentifier>
    </Filter>
    <Filter Include="_Source Files\res">
      <UniqueIdentifier>{ac04c794-a9bc-43e7-a296-b8c4219c24c3}</UniqueIdentifier>
    </Filter>
    <Filter Include="_Source Files\util">
      <UniqueIdentifier>{9f04926d-819a-4c11-9f2b-6344ba1a26b6}</UniqueIdentifier>
    </Filter>
    <Filter Include="_Source Files\algo">
      <UniqueIdentifier>{aa3e6e70-3650-4f46-8114-9c66ffcb1d8f}</UniqueIdentifier>
    </Filter>
    <Filter Include="Resource Files\ui">
      <UniqueIdentifier>{c6533e97-b045-43ef-aac4-b06402bd9d3f}</UniqueIdentifier>
    </Filter>
    <Filter Include="Resource Files\sfx">
      <UniqueIdentifier>{3ba7a2cb-ca59-4c4c-8e1b-1fb83dbf5bef}</UniqueIdentifier>
    </Filter>
    <Filter Include="_Source Files\audio">
      <UniqueIdentifier>{c8097a68-b789-45aa-add5-a50d87197559}</UniqueIdentifier>
    </Filter>
    <Filter Include="Resource Files\legalese">
      <UniqueIdentifier>{4647e3d7-e770-4f1b-ab9c-02895c6d4626}</UniqueIdentifier>
    </Filter>
    <Filter Include="_Source Files\ui\offscreen">
      <UniqueIdentifier>{d2235282-5cfb-480c-bf22-00f8358755a9}</UniqueIdentifier>
    </Filter>
    <Filter Include="Resource Files\dingdescr">
      <UniqueIdentifier>{aeadab9e-2d85-4b37-8b38-b7d3210c6c6e}</UniqueIdentifier>
    </Filter>
    <Filter Include="_Source Files\core">
      <UniqueIdentifier>{e1de3dc3-a8f0-4088-a701-a047f612f763}</UniqueIdentifier>
    </Filter>
    <Filter Include="_Source Files\game">
      <UniqueIdentifier>{ad5cc62b-2eed-4559-9f5b-4b704cb044f5}</UniqueIdentifier>
    </Filter>
    <Filter Include="Resource Files\convo">
      <UniqueIdentifier>{a137cce1-cebc-4ff4-add5-01fcfd55b560}</UniqueIdentifier>
    </Filter>
    <Filter Include="_Source Files\physics">
      <UniqueIdentifier>{55e47453-b47c-4a9e-8c19-cb2489cd9710}</UniqueIdentifier>
    </Filter>
    <Filter Include="Resource Files\win">
      <UniqueIdentifier>{8d6e5c2f-3348-4a3f-abdf-d3d3c6740eaf}</UniqueIdentifier>
    </Filter>
    <Filter Include="Resource Files\dings\floor">
      <UniqueIdentifier>{74085e62-dfb3-4416-9628-7b0e7f804534}</UniqueIdentifier>
    </Filter>
    <Filter Include="Resource Files\dings\rooof">
      <UniqueIdentifier>{0a25eafb-a3b4-4da6-9b0f-d060a56b98f9}</UniqueIdentifier>
    </Filter>
    <Filter Include="Resource Files\dings\walls">
      <UniqueIdentifier>{03128c1a-a7c5-47d3-b4d3-004e503ede14}</UniqueIdentifier>
    </Filter>
    <Filter Include="Resource Files\dings\looot">
      <UniqueIdentifier>{7de0fa6b-1920-484b-b0e3-5f64390f68ca}</UniqueIdentifier>
    </Filter>
    <Filter Include="Resource Files\dings\mobs">
      <UniqueIdentifier>{d02fb934-e704-4ee0-9779-a109404260d7}</UniqueIdentifier>
    </Filter>
    <Filter Include="Resource Files\dings\unique">
      <UniqueIdentifier>{8f6064af-55e2-4f23-88c5-1c45d3712151}</UniqueIdentifier>
    </Filter>
    <Filter Include="_Source Files\maker">
      <UniqueIdentifier>{7ef47bbd-1de2-40da-80e9-b90b6f3ff8f4}</UniqueIdentifier>
    </Filter>
    <Filter Include="Resource Files\shaders">
      <UniqueIdentifier>{e251f7b8-66a4-4676-a581-53c32622d568}</UniqueIdentifier>
    </Filter>
    <Filter Include="_Source Files\ui\headers">
      <UniqueIdentifier>{a3fa8ee6-ef1b-4a02-ad83-56f4c507ced6}</UniqueIdentifier>
    </Filter>
    <Filter Include="_Source Files\algo\headers">
      <UniqueIdentifier>{7ba2c8a7-57f4-40e5-a384-60546a148dce}</UniqueIdentifier>
    </Filter>
    <Filter Include="_Source Files\audio\headers">
      <UniqueIdentifier>{aa111597-9b3d-4872-966d-c5b420aa1afe}</UniqueIdentifier>
    </Filter>
    <Filter Include="_Source Files\core\headers">
      <UniqueIdentifier>{6c2f0e75-3967-4208-bc28-bb2c84451d65}</UniqueIdentifier>
    </Filter>
    <Filter Include="_Source Files\game\headers">
      <UniqueIdentifier>{24b42705-744c-4a2c-90ec-bbdcf305ee3e}</UniqueIdentifier>
    </Filter>
    <Filter Include="_Source Files\maker\headers">
      <UniqueIdentifier>{efdb7517-a1d2-488b-a5ba-d5ebeeed698e}</UniqueIdentifier>
    </Filter>
    <Filter Include="_Source Files\physics\headers">
      <UniqueIdentifier>{296e0256-b8d1-40a2-9992-8e2a5ca08db1}</UniqueIdentifier>
    </Filter>
    <Filter Include="_Source Files\res\headers">
      <UniqueIdentifier>{e0afc3e2-1b05-4200-981b-6cb18437a153}</UniqueIdentifier>
    </Filter>
    <Filter Include="_Source Files\util\headers">
      <UniqueIdentifier>{ca8bdaa7-9e0d-4548-a732-3e7f3a8d26c8}</UniqueIdentifier>
    </Filter>
  </ItemGroup>
  <ItemGroup>
    <ClInclude Include="menu-settings.h">
      <Filter>_Source Files\ui\headers</Filter>
    </ClInclude>
    <ClInclude Include="menu-settings-screen.h">
      <Filter>_Source Files\ui\headers</Filter>
    </ClInclude>
    <ClInclude Include="dialogcontrols.h">
      <Filter>_Source Files\ui\headers</Filter>
    </ClInclude>
    <ClInclude Include="splash.h">
      <Filter>_Source Files\ui\headers</Filter>
    </ClInclude>
    <ClInclude Include="dexassy.h">
      <Filter>_Source Files\res\headers</Filter>
    </ClInclude>
    <ClInclude Include="geom2d.h">
      <Filter>_Source Files\algo\headers</Filter>
    </ClInclude>
    <ClInclude Include="huff-comp.h">
      <Filter>_Source Files\util\headers</Filter>
    </ClInclude>
    <ClInclude Include="huff-deco.h">
      <Filter>_Source Files\util\headers</Filter>
    </ClInclude>
    <ClInclude Include="enxassy.h">
      <Filter>_Source Files\res\headers</Filter>
    </ClInclude>
    <ClInclude Include="chunk-constants.h">
      <Filter>_Source Files\res\headers</Filter>
    </ClInclude>
    <ClInclude Include="chunk-sizes.h">
      <Filter>_Source Files\res\headers</Filter>
    </ClInclude>
    <ClInclude Include="pch.h">
      <Filter>_Source Files\util\headers</Filter>
    </ClInclude>
    <ClInclude Include="boydsa.h">
      <Filter>_Source Files\algo\headers</Filter>
    </ClInclude>
    <ClInclude Include="collision.h">
      <Filter>_Source Files\algo\headers</Filter>
    </ClInclude>
    <ClInclude Include="gpuchan.h">
      <Filter>_Source Files\ui\headers</Filter>
    </ClInclude>
    <ClInclude Include="menu-settings-lang.h">
      <Filter>_Source Files\ui\headers</Filter>
    </ClInclude>
    <ClInclude Include="clumsypack.h">
      <Filter>_Source Files\algo\headers</Filter>
    </ClInclude>
    <ClInclude Include="sfx.h">
      <Filter>_Source Files\audio\headers</Filter>
    </ClInclude>
    <ClInclude Include="menu-load.h">
      <Filter>_Source Files\ui\headers</Filter>
    </ClInclude>
    <ClInclude Include="resutil.h">
      <Filter>_Source Files\res\headers</Filter>
    </ClInclude>
    <ClInclude Include="menu-continue-empty.h">
      <Filter>_Source Files\ui\headers</Filter>
    </ClInclude>
    <ClInclude Include="harvard.h">
      <Filter>_Source Files\algo\headers</Filter>
    </ClInclude>
    <ClInclude Include="menu-ingame.h">
      <Filter>_Source Files\ui\headers</Filter>
    </ClInclude>
    <ClInclude Include="enxlate.h">
      <Filter>_Source Files\res\headers</Filter>
    </ClInclude>
    <ClInclude Include="xlations.h">
      <Filter>_Source Files\ui\headers</Filter>
    </ClInclude>
    <ClInclude Include="xlations-en.h">
      <Filter>_Source Files\ui\headers</Filter>
    </ClInclude>
    <ClInclude Include="xlations-de.h">
      <Filter>_Source Files\ui\headers</Filter>
    </ClInclude>
    <ClInclude Include="xlations-fi.h">
      <Filter>_Source Files\ui\headers</Filter>
    </ClInclude>
    <ClInclude Include="xlations-ua.h">
      <Filter>_Source Files\ui\headers</Filter>
    </ClInclude>
    <ClInclude Include="datetime.h">
      <Filter>_Source Files\util\headers</Filter>
    </ClInclude>
    <ClInclude Include="playerhud.h">
      <Filter>_Source Files\ui\headers</Filter>
    </ClInclude>
    <ClInclude Include="region-banner.h">
      <Filter>_Source Files\ui\headers</Filter>
    </ClInclude>
    <ClInclude Include="constants.h">
      <Filter>_Source Files\core\headers</Filter>
    </ClInclude>
    <ClInclude Include="enums.h">
      <Filter>_Source Files\core\headers</Filter>
    </ClInclude>
    <ClInclude Include="main.h">
      <Filter>_Source Files\core\headers</Filter>
    </ClInclude>
    <ClInclude Include="offscreen-rendering.h">
      <Filter>_Source Files\core\headers</Filter>
    </ClInclude>
    <ClInclude Include="resource.h">
      <Filter>_Source Files\core\headers</Filter>
    </ClInclude>
    <ClInclude Include="scripture.h">
      <Filter>_Source Files\core\headers</Filter>
    </ClInclude>
    <ClInclude Include="settings.h">
      <Filter>_Source Files\core\headers</Filter>
    </ClInclude>
    <ClInclude Include="ding.h">
      <Filter>_Source Files\game\headers</Filter>
    </ClInclude>
    <ClInclude Include="dingsheet.h">
      <Filter>_Source Files\game\headers</Filter>
    </ClInclude>
    <ClInclude Include="flap.h">
      <Filter>_Source Files\game\headers</Filter>
    </ClInclude>
    <ClInclude Include="gamestate.h">
      <Filter>_Source Files\game\headers</Filter>
    </ClInclude>
    <ClInclude Include="gameview.h">
      <Filter>_Source Files\game\headers</Filter>
    </ClInclude>
    <ClInclude Include="newworld.h">
      <Filter>_Source Files\game\headers</Filter>
    </ClInclude>
    <ClInclude Include="orchestrator.h">
      <Filter>_Source Files\game\headers</Filter>
    </ClInclude>
    <ClInclude Include="playerstate.h">
      <Filter>_Source Files\game\headers</Filter>
    </ClInclude>
    <ClInclude Include="renderstate.h">
      <Filter>_Source Files\game\headers</Filter>
    </ClInclude>
    <ClInclude Include="savegame.h">
      <Filter>_Source Files\game\headers</Filter>
    </ClInclude>
    <ClInclude Include="drawing.h">
      <Filter>_Source Files\core\headers</Filter>
    </ClInclude>
    <ClInclude Include="physicsdebugdraw.h">
      <Filter>_Source Files\physics\headers</Filter>
    </ClInclude>
    <ClInclude Include="menu-multimonitor.h">
      <Filter>_Source Files\ui\headers</Filter>
    </ClInclude>
    <ClInclude Include="physics-render-binding.h">
      <Filter>_Source Files\physics\headers</Filter>
    </ClInclude>
    <ClInclude Include="menu-common.h">
      <Filter>_Source Files\ui\headers</Filter>
    </ClInclude>
    <ClInclude Include="menu-settings-help.h">
      <Filter>_Source Files\ui\headers</Filter>
    </ClInclude>
    <ClInclude Include="menu-settings-about.h">
      <Filter>_Source Files\ui\headers</Filter>
    </ClInclude>
    <ClInclude Include="mapregion.h">
      <Filter>_Source Files\res\headers</Filter>
    </ClInclude>
    <ClInclude Include="procedurally-generate.h">
      <Filter>_Source Files\res\headers</Filter>
    </ClInclude>
    <ClInclude Include="polypartition.h">
      <Filter>_Source Files\algo\headers</Filter>
    </ClInclude>
    <ClInclude Include="menu-creatormode.h">
      <Filter>_Source Files\ui\headers</Filter>
    </ClInclude>
    <ClInclude Include="makersettings.h">
      <Filter>_Source Files\maker\headers</Filter>
    </ClInclude>
    <ClInclude Include="shader-engine.h">
      <Filter>_Source Files\core\headers</Filter>
    </ClInclude>
    <ClInclude Include="menu-settings-controls.h">
      <Filter>_Source Files\ui\headers</Filter>
    </ClInclude>
    <ClInclude Include="controller-stuff.h">
      <Filter>_Source Files\ui\headers</Filter>
    </ClInclude>
    <ClInclude Include="ingame-prerendered.h">
      <Filter>_Source Files\ui\headers</Filter>
    </ClInclude>
    <ClInclude Include="makercontrols.h">
      <Filter>_Source Files\maker\headers</Filter>
    </ClInclude>
  </ItemGroup>
  <ItemGroup>
    <ClCompile Include="dialogcontrols.cpp">
      <Filter>_Source Files\ui</Filter>
    </ClCompile>
    <ClCompile Include="menu-settings.cpp">
      <Filter>_Source Files\ui</Filter>
    </ClCompile>
    <ClCompile Include="splash.cpp">
      <Filter>_Source Files\ui</Filter>
    </ClCompile>
    <ClCompile Include="menu-settings-screen.cpp">
      <Filter>_Source Files\ui</Filter>
    </ClCompile>
    <ClCompile Include="dexassy.cpp">
      <Filter>_Source Files\res</Filter>
    </ClCompile>
    <ClCompile Include="huff-comp.cpp">
      <Filter>_Source Files\util</Filter>
    </ClCompile>
    <ClCompile Include="huff-deco.cpp">
      <Filter>_Source Files\util</Filter>
    </ClCompile>
    <ClCompile Include="pch.cpp">
      <Filter>_Source Files\util</Filter>
    </ClCompile>
    <ClCompile Include="geom2d.cpp">
      <Filter>_Source Files\algo</Filter>
    </ClCompile>
    <ClCompile Include="enxassy.cpp">
      <Filter>_Source Files\res</Filter>
    </ClCompile>
    <ClCompile Include="boydsa.cpp">
      <Filter>_Source Files\algo</Filter>
    </ClCompile>
    <ClCompile Include="collision.cpp">
      <Filter>_Source Files\algo</Filter>
    </ClCompile>
    <ClCompile Include="gpuchan.cpp">
      <Filter>_Source Files\ui</Filter>
    </ClCompile>
    <ClCompile Include="menu-settings-lang.cpp">
      <Filter>_Source Files\ui</Filter>
    </ClCompile>
    <ClCompile Include="sfx.cpp">
      <Filter>_Source Files\audio</Filter>
    </ClCompile>
    <ClCompile Include="menu-load.cpp">
      <Filter>_Source Files\ui</Filter>
    </ClCompile>
    <ClCompile Include="resutil.cpp">
      <Filter>_Source Files\res</Filter>
    </ClCompile>
    <ClCompile Include="menu-continue-empty.cpp">
      <Filter>_Source Files\ui</Filter>
    </ClCompile>
    <ClCompile Include="harvard.cpp">
      <Filter>_Source Files\algo</Filter>
    </ClCompile>
    <ClCompile Include="menu-ingame.cpp">
      <Filter>_Source Files\ui</Filter>
    </ClCompile>
    <ClCompile Include="enxlate.cpp">
      <Filter>_Source Files\res</Filter>
    </ClCompile>
    <ClCompile Include="xlations.cpp">
      <Filter>_Source Files\res</Filter>
    </ClCompile>
    <ClCompile Include="datetime.cpp">
      <Filter>_Source Files\util</Filter>
    </ClCompile>
    <ClCompile Include="playerhud.cpp">
      <Filter>_Source Files\ui</Filter>
    </ClCompile>
    <ClCompile Include="offscreen-renderer-quest.cpp">
      <Filter>_Source Files\ui\offscreen</Filter>
    </ClCompile>
    <ClCompile Include="region-banner.cpp">
      <Filter>_Source Files\ui</Filter>
    </ClCompile>
    <ClCompile Include="ding.cpp">
      <Filter>_Source Files\game</Filter>
    </ClCompile>
    <ClCompile Include="dingsheet.cpp">
      <Filter>_Source Files\game</Filter>
    </ClCompile>
    <ClCompile Include="flap.cpp">
      <Filter>_Source Files\game</Filter>
    </ClCompile>
    <ClCompile Include="gamestate.cpp">
      <Filter>_Source Files\game</Filter>
    </ClCompile>
    <ClCompile Include="gameview.cpp">
      <Filter>_Source Files\game</Filter>
    </ClCompile>
    <ClCompile Include="newworld.cpp">
      <Filter>_Source Files\game</Filter>
    </ClCompile>
    <ClCompile Include="orchestrator.cpp">
      <Filter>_Source Files\game</Filter>
    </ClCompile>
    <ClCompile Include="playerstate.cpp">
      <Filter>_Source Files\game</Filter>
    </ClCompile>
    <ClCompile Include="renderstate.cpp">
      <Filter>_Source Files\game</Filter>
    </ClCompile>
    <ClCompile Include="savegame.cpp">
      <Filter>_Source Files\game</Filter>
    </ClCompile>
    <ClCompile Include="drawing.cpp">
      <Filter>_Source Files\core</Filter>
    </ClCompile>
    <ClCompile Include="main.cpp">
      <Filter>_Source Files\core</Filter>
    </ClCompile>
    <ClCompile Include="offscreen-rendering.cpp">
      <Filter>_Source Files\core</Filter>
    </ClCompile>
    <ClCompile Include="scripture.cpp">
      <Filter>_Source Files\core</Filter>
    </ClCompile>
    <ClCompile Include="settings.cpp">
      <Filter>_Source Files\core</Filter>
    </ClCompile>
    <ClCompile Include="physicsdebugdraw.cpp">
      <Filter>_Source Files\physics</Filter>
    </ClCompile>
    <ClCompile Include="menu-multimonitor.cpp">
      <Filter>_Source Files\ui</Filter>
    </ClCompile>
    <ClCompile Include="physics-render-binding.cpp">
      <Filter>_Source Files\physics</Filter>
    </ClCompile>
    <ClCompile Include="menu-common.cpp">
      <Filter>_Source Files\ui</Filter>
    </ClCompile>
    <ClCompile Include="menu-settings-help.cpp">
      <Filter>_Source Files\ui</Filter>
    </ClCompile>
    <ClCompile Include="menu-settings-about.cpp">
      <Filter>_Source Files\ui</Filter>
    </ClCompile>
    <ClCompile Include="mapregion.cpp">
      <Filter>_Source Files\res</Filter>
    </ClCompile>
    <ClCompile Include="procedurally-generate.cpp">
      <Filter>_Source Files\res</Filter>
    </ClCompile>
    <ClCompile Include="polypartition.cpp">
      <Filter>_Source Files\algo</Filter>
    </ClCompile>
    <ClCompile Include="menu-creatormode.cpp">
      <Filter>_Source Files\ui</Filter>
    </ClCompile>
    <ClCompile Include="makersettings.cpp">
      <Filter>_Source Files\maker</Filter>
    </ClCompile>
    <ClCompile Include="shader-engine.cpp">
      <Filter>_Source Files\core</Filter>
    </ClCompile>
    <ClCompile Include="menu-settings-controls.cpp">
      <Filter>_Source Files\ui</Filter>
    </ClCompile>
    <ClCompile Include="controller-stuff.cpp">
      <Filter>_Source Files\ui</Filter>
    </ClCompile>
    <ClCompile Include="ingame-prerendered.cpp">
      <Filter>_Source Files\ui</Filter>
    </ClCompile>
    <ClCompile Include="makercontrols.cpp">
      <Filter>_Source Files\maker</Filter>
    </ClCompile>
  </ItemGroup>
  <ItemGroup>
    <None Include="planning\menus.ligma">
      <Filter>Planning</Filter>
    </None>
    <None Include="planning\players.ligma">
      <Filter>Planning</Filter>
    </None>
    <None Include="planning\scraps.ligma">
      <Filter>Planning</Filter>
    </None>
    <None Include="planning\gfx.ligma">
      <Filter>Planning</Filter>
    </None>
    <None Include="planning\sidequests.ligma">
      <Filter>Planning</Filter>
    </None>
    <None Include="planning\dramatis-personae.ligma">
      <Filter>Planning</Filter>
    </None>
    <None Include="gameres.xassy.recipe">
      <Filter>Resource Files</Filter>
    </None>
    <None Include="planning\sfx.ligma">
      <Filter>Planning</Filter>
    </None>
    <None Include="gameres.xlation.recipe">
      <Filter>Resource Files</Filter>
    </None>
    <None Include="res\manufacturer.dlg">
      <Filter>Resource Files\ui</Filter>
    </None>
    <None Include="res\dingdescriptions.1.bml">
      <Filter>Resource Files\dingdescr</Filter>
    </None>
    <None Include="res\convo.1.bml">
      <Filter>Resource Files\convo</Filter>
    </None>
    <None Include="planning\gameplay.ligma">
      <Filter>Planning</Filter>
    </None>
    <None Include="planning\quests.ligma">
      <Filter>Planning</Filter>
    </None>
    <None Include="planning\worldbuilding.ligma">
      <Filter>Planning</Filter>
    </None>
    <None Include="cpp.hint">
      <Filter>Resource Files\win</Filter>
    </None>
    <None Include="vcpkg.json" />
    <None Include="res\snurch-snavior-collision.csv">
      <Filter>Resource Files\dings\unique</Filter>
    </None>
    <None Include="planning\creatormode.ligma">
      <Filter>Planning</Filter>
    </None>
    <None Include="res\shaders\lifecurtain-fragment.glsl">
      <Filter>Resource Files\shaders</Filter>
    </None>
    <None Include="res\shaders\lifecurtain-vertex.glsl">
      <Filter>Resource Files\shaders</Filter>
    </None>
    <None Include="res\shaders\rain-fragment.glsl">
      <Filter>Resource Files\shaders</Filter>
    </None>
    <None Include="res\shaders\rain-vertex.glsl">
      <Filter>Resource Files\shaders</Filter>
    </None>
    <None Include="res\shaders\retro-fragment.glsl">
      <Filter>Resource Files\shaders</Filter>
    </None>
    <None Include="res\shaders\retro-vertex.glsl">
      <Filter>Resource Files\shaders</Filter>
    </None>
    <None Include="res\shaders\vortex-fragment.glsl">
      <Filter>Resource Files\shaders</Filter>
    </None>
    <None Include="res\shaders\vortex-vertex.glsl">
      <Filter>Resource Files\shaders</Filter>
    </None>
  </ItemGroup>
  <ItemGroup>
    <Image Include="res\nn-splash-scene.png">
      <Filter>Resource Files\ui</Filter>
    </Image>
    <Image Include="res\gpu-chan.png">
      <Filter>Resource Files\ui</Filter>
    </Image>
    <Image Include="res\it-runs-doom.png">
      <Filter>Resource Files\ui</Filter>
    </Image>
    <Image Include="res\icon-divine.png">
      <Filter>Resource Files\ui</Filter>
    </Image>
    <Image Include="res\icon-herc.png">
      <Filter>Resource Files\ui</Filter>
    </Image>
    <Image Include="res\menu-emptyness.png">
      <Filter>Resource Files\ui</Filter>
    </Image>
    <Image Include="res\icon-hd.png">
      <Filter>Resource Files\ui</Filter>
    </Image>
    <Image Include="res\sample-map.png">
      <Filter>Resource Files\ui</Filter>
    </Image>
    <Image Include="blooDot.ico">
      <Filter>Resource Files\win</Filter>
    </Image>
    <Image Include="res\langflag-am.png">
      <Filter>Resource Files\ui</Filter>
    </Image>
    <Image Include="res\langflag-de.png">
      <Filter>Resource Files\ui</Filter>
    </Image>
    <Image Include="res\langflag-fi.png">
      <Filter>Resource Files\ui</Filter>
    </Image>
    <Image Include="res\langflag-ua.png">
      <Filter>Resource Files\ui</Filter>
    </Image>
    <Image Include="res\snurch-snavior-floor.png">
      <Filter>Resource Files\dings\unique</Filter>
    </Image>
    <Image Include="res\snurch-snavior-head-rooof.png">
      <Filter>Resource Files\dings\unique</Filter>
    </Image>
    <Image Include="res\barrel-wooden.png">
      <Filter>Resource Files\dings\mobs</Filter>
    </Image>
    <Image Include="res\barrel-loaded.png">
      <Filter>Resource Files\dings\mobs</Filter>
    </Image>
    <Image Include="res\barrel-indigo.png">
      <Filter>Resource Files\dings\mobs</Filter>
    </Image>
    <Image Include="res\chel-f.png">
      <Filter>Resource Files\dings\looot</Filter>
    </Image>
    <Image Include="res\floorrocktile.png">
      <Filter>Resource Files\dings\floor</Filter>
    </Image>
    <Image Include="res\floorrocktile-cracked.png">
      <Filter>Resource Files\dings\floor</Filter>
    </Image>
    <Image Include="res\floorstonetile-ochre.png">
      <Filter>Resource Files\dings\floor</Filter>
    </Image>
    <Image Include="res\floorstonetile-purple.png">
      <Filter>Resource Files\dings\floor</Filter>
    </Image>
    <Image Include="res\floorstonetile-slate.png">
      <Filter>Resource Files\dings\floor</Filter>
    </Image>
    <Image Include="res\grass.png">
      <Filter>Resource Files\dings\floor</Filter>
    </Image>
    <Image Include="res\lettuce.png">
      <Filter>Resource Files\dings\looot</Filter>
    </Image>
    <Image Include="res\rooof-meshtile.png">
      <Filter>Resource Files\dings\rooof</Filter>
    </Image>
    <Image Include="res\schaedel.png">
      <Filter>Resource Files\dings\mobs</Filter>
    </Image>
    <Image Include="res\snowblock.png">
      <Filter>Resource Files\dings\floor</Filter>
    </Image>
    <Image Include="res\player1.png">
      <Filter>Resource Files\dings\mobs</Filter>
    </Image>
    <Image Include="res\player2.png">
      <Filter>Resource Files\dings\mobs</Filter>
    </Image>
    <Image Include="res\player3.png">
      <Filter>Resource Files\dings\mobs</Filter>
    </Image>
    <Image Include="res\player4.png">
      <Filter>Resource Files\dings\mobs</Filter>
    </Image>
  </ItemGroup>
  <ItemGroup>
    <Text Include="LICENSE.txt" />
    <Text Include="boxchars.txt">
      <Filter>Resource Files</Filter>
    </Text>
    <Text Include="legalese\clearsans.txt">
      <Filter>Resource Files\legalese</Filter>
    </Text>
    <Text Include="legalese\ofl.txt">
      <Filter>Resource Files\legalese</Filter>
    </Text>
    <Text Include="legalese\SIL-Open-Font-License.txt">
      <Filter>Resource Files\legalese</Filter>
    </Text>
    <Text Include="legalese\box2d-licence.txt">
      <Filter>Resource Files\legalese</Filter>
    </Text>
    <Text Include="legalese\sdl-and-gamecontrollerdb-licence.txt">
      <Filter>Resource Files\legalese</Filter>
    </Text>
    <Text Include="res\gamecontrollerdb.txt">
      <Filter>Resource Files\ui</Filter>
    </Text>
    <Text Include="legalese\polypartition-license.txt">
      <Filter>Resource Files\legalese</Filter>
    </Text>
  </ItemGroup>
  <ItemGroup>
    <Font Include="res\esl-gothic-shavian.ttf">
      <Filter>Resource Files\ui</Filter>
    </Font>
    <Font Include="res\freckleface-regular-show.ttf">
      <Filter>Resource Files\ui</Filter>
    </Font>
    <Font Include="res\fredokaone-regular-show.ttf">
      <Filter>Resource Files\ui</Filter>
    </Font>
    <Font Include="res\yesevaone-regular-show.otf">
      <Filter>Resource Files\ui</Filter>
    </Font>
    <Font Include="res\clear-sans-normie.ttf">
      <Filter>Resource Files\ui</Filter>
    </Font>
    <Font Include="res\clear-sans-fat.ttf">
      <Filter>Resource Files\ui</Filter>
    </Font>
  </ItemGroup>
  <ItemGroup>
    <Media Include="res\projectile-decay.wav">
      <Filter>Resource Files\sfx</Filter>
    </Media>
    <Media Include="res\asterisk.wav">
      <Filter>Resource Files\sfx</Filter>
    </Media>
    <Media Include="res\bump.wav">
      <Filter>Resource Files\sfx</Filter>
    </Media>
    <Media Include="res\selchg.wav">
      <Filter>Resource Files\sfx</Filter>
    </Media>
    <Media Include="res\selconf.wav">
      <Filter>Resource Files\sfx</Filter>
    </Media>
    <Media Include="res\cricket-fritz.wav">
      <Filter>Resource Files\sfx</Filter>
    </Media>
    <Media Include="res\cricket-franz.wav">
      <Filter>Resource Files\sfx</Filter>
    </Media>
    <Media Include="res\floor.wav">
      <Filter>Resource Files\sfx</Filter>
    </Media>
    <Media Include="res\rooof.wav">
      <Filter>Resource Files\sfx</Filter>
    </Media>
    <Media Include="res\walls.wav">
      <Filter>Resource Files\sfx</Filter>
    </Media>
  </ItemGroup>
  <ItemGroup>
    <ResourceCompile Include="blooDot.rc">
      <Filter>Resource Files\win</Filter>
    </ResourceCompile>
  </ItemGroup>
</Project>