<?xml version="1.0" encoding="utf-8"?>
<Project ToolsVersion="4.0" xmlns="http://schemas.microsoft.com/developer/msbuild/2003">
  <ItemGroup>
    <Filter Include="Resource Files">
      <UniqueIdentifier>{67DA6AB6-F800-4c08-8B7A-83BB121AAD01}</UniqueIdentifier>
      <Extensions>rc;ico;cur;bmp;dlg;rc2;rct;bin;rgs;gif;jpg;jpeg;jpe;resx;tiff;tif;png;wav;mfcribbon-ms</Extensions>
    </Filter>
    <Filter Include="Lib Files">
      <UniqueIdentifier>{3be6d793-e692-4b84-b501-8e94e96ecb7e}</UniqueIdentifier>
    </Filter>
    <Filter Include="Platform">
      <UniqueIdentifier>{8c724c14-eb4d-48aa-8a76-a4a26e4f0d34}</UniqueIdentifier>
    </Filter>
    <Filter Include="Lib Headers">
      <UniqueIdentifier>{93995380-89BD-4b04-88EB-625FBE52EBFB}</UniqueIdentifier>
      <Extensions>h;hh;hpp;hxx;hm;inl;inc;xsd</Extensions>
    </Filter>
    <Filter Include="Planning">
      <UniqueIdentifier>{bb8a392c-d034-4162-8457-3bbd0c1006f4}</UniqueIdentifier>
    </Filter>
    <Filter Include="_Headers">
      <UniqueIdentifier>{f0f01b33-0b62-4d20-b9ff-268a3c8b8c43}</UniqueIdentifier>
    </Filter>
    <Filter Include="_Source Files">
      <UniqueIdentifier>{4FC737F1-C7A5-4376-A066-2A32D752A2FF}</UniqueIdentifier>
      <Extensions>cpp;c;cc;cxx;def;odl;idl;hpj;bat;asm;asmx</Extensions>
    </Filter>
    <Filter Include="Resource Files\dings">
      <UniqueIdentifier>{991bd455-6340-420b-829c-7106346a443a}</UniqueIdentifier>
    </Filter>
    <Filter Include="_Headers\ui">
      <UniqueIdentifier>{a3fa8ee6-ef1b-4a02-ad83-56f4c507ced6}</UniqueIdentifier>
    </Filter>
    <Filter Include="_Source Files\ui">
      <UniqueIdentifier>{98ccbfb1-caaf-4618-946b-1a05fda65f64}</UniqueIdentifier>
    </Filter>
    <Filter Include="_Source Files\res">
      <UniqueIdentifier>{ac04c794-a9bc-43e7-a296-b8c4219c24c3}</UniqueIdentifier>
    </Filter>
    <Filter Include="_Source Files\util">
      <UniqueIdentifier>{9f04926d-819a-4c11-9f2b-6344ba1a26b6}</UniqueIdentifier>
    </Filter>
    <Filter Include="_Source Files\algo">
      <UniqueIdentifier>{aa3e6e70-3650-4f46-8114-9c66ffcb1d8f}</UniqueIdentifier>
    </Filter>
    <Filter Include="_Headers\util">
      <UniqueIdentifier>{ca8bdaa7-9e0d-4548-a732-3e7f3a8d26c8}</UniqueIdentifier>
    </Filter>
    <Filter Include="_Headers\algo">
      <UniqueIdentifier>{7ba2c8a7-57f4-40e5-a384-60546a148dce}</UniqueIdentifier>
    </Filter>
    <Filter Include="_Headers\res">
      <UniqueIdentifier>{e0afc3e2-1b05-4200-981b-6cb18437a153}</UniqueIdentifier>
    </Filter>
    <Filter Include="Resource Files\ui">
      <UniqueIdentifier>{c6533e97-b045-43ef-aac4-b06402bd9d3f}</UniqueIdentifier>
    </Filter>
    <Filter Include="Resource Files\sfx">
      <UniqueIdentifier>{3ba7a2cb-ca59-4c4c-8e1b-1fb83dbf5bef}</UniqueIdentifier>
    </Filter>
    <Filter Include="_Headers\audio">
      <UniqueIdentifier>{aa111597-9b3d-4872-966d-c5b420aa1afe}</UniqueIdentifier>
    </Filter>
    <Filter Include="_Source Files\audio">
      <UniqueIdentifier>{c8097a68-b789-45aa-add5-a50d87197559}</UniqueIdentifier>
    </Filter>
    <Filter Include="Resource Files\legalese">
      <UniqueIdentifier>{4647e3d7-e770-4f1b-ab9c-02895c6d4626}</UniqueIdentifier>
    </Filter>
    <Filter Include="Resource Files\mobs">
      <UniqueIdentifier>{5da7e730-5f9e-4e00-8329-92da6bf0f75a}</UniqueIdentifier>
    </Filter>
    <Filter Include="_Source Files\ui\offscreen">
      <UniqueIdentifier>{d2235282-5cfb-480c-bf22-00f8358755a9}</UniqueIdentifier>
    </Filter>
    <Filter Include="Resource Files\dingdescr">
      <UniqueIdentifier>{aeadab9e-2d85-4b37-8b38-b7d3210c6c6e}</UniqueIdentifier>
    </Filter>
    <Filter Include="_Headers\core">
      <UniqueIdentifier>{6c2f0e75-3967-4208-bc28-bb2c84451d65}</UniqueIdentifier>
    </Filter>
    <Filter Include="_Headers\game">
      <UniqueIdentifier>{24b42705-744c-4a2c-90ec-bbdcf305ee3e}</UniqueIdentifier>
    </Filter>
    <Filter Include="_Source Files\core">
      <UniqueIdentifier>{e1de3dc3-a8f0-4088-a701-a047f612f763}</UniqueIdentifier>
    </Filter>
    <Filter Include="_Source Files\game">
      <UniqueIdentifier>{ad5cc62b-2eed-4559-9f5b-4b704cb044f5}</UniqueIdentifier>
    </Filter>
    <Filter Include="Resource Files\convo">
      <UniqueIdentifier>{a137cce1-cebc-4ff4-add5-01fcfd55b560}</UniqueIdentifier>
    </Filter>
    <Filter Include="Lib Dependencies">
      <UniqueIdentifier>{603576c5-37f0-43d0-8df3-be3480405803}</UniqueIdentifier>
    </Filter>
    <Filter Include="_Source Files\physics">
      <UniqueIdentifier>{55e47453-b47c-4a9e-8c19-cb2489cd9710}</UniqueIdentifier>
    </Filter>
    <Filter Include="_Headers\physics">
      <UniqueIdentifier>{296e0256-b8d1-40a2-9992-8e2a5ca08db1}</UniqueIdentifier>
    </Filter>
    <Filter Include="Resource Files\win">
      <UniqueIdentifier>{8d6e5c2f-3348-4a3f-abdf-d3d3c6740eaf}</UniqueIdentifier>
    </Filter>
  </ItemGroup>
  <ItemGroup>
    <ClInclude Include="SDL\include\begin_code.h">
      <Filter>Lib Headers</Filter>
    </ClInclude>
    <ClInclude Include="SDL\include\close_code.h">
      <Filter>Lib Headers</Filter>
    </ClInclude>
    <ClInclude Include="SDL\include\SDL.h">
      <Filter>Lib Headers</Filter>
    </ClInclude>
    <ClInclude Include="SDL\include\SDL_assert.h">
      <Filter>Lib Headers</Filter>
    </ClInclude>
    <ClInclude Include="SDL\include\SDL_atomic.h">
      <Filter>Lib Headers</Filter>
    </ClInclude>
    <ClInclude Include="SDL\include\SDL_audio.h">
      <Filter>Lib Headers</Filter>
    </ClInclude>
    <ClInclude Include="SDL\include\SDL_bits.h">
      <Filter>Lib Headers</Filter>
    </ClInclude>
    <ClInclude Include="SDL\include\SDL_blendmode.h">
      <Filter>Lib Headers</Filter>
    </ClInclude>
    <ClInclude Include="SDL\include\SDL_clipboard.h">
      <Filter>Lib Headers</Filter>
    </ClInclude>
    <ClInclude Include="SDL\include\SDL_config.h">
      <Filter>Lib Headers</Filter>
    </ClInclude>
    <ClInclude Include="SDL\include\SDL_config_android.h">
      <Filter>Lib Headers</Filter>
    </ClInclude>
    <ClInclude Include="SDL\include\SDL_config_iphoneos.h">
      <Filter>Lib Headers</Filter>
    </ClInclude>
    <ClInclude Include="SDL\include\SDL_config_macosx.h">
      <Filter>Lib Headers</Filter>
    </ClInclude>
    <ClInclude Include="SDL\include\SDL_config_minimal.h">
      <Filter>Lib Headers</Filter>
    </ClInclude>
    <ClInclude Include="SDL\include\SDL_config_pandora.h">
      <Filter>Lib Headers</Filter>
    </ClInclude>
    <ClInclude Include="SDL\include\SDL_config_psp.h">
      <Filter>Lib Headers</Filter>
    </ClInclude>
    <ClInclude Include="SDL\include\SDL_config_windows.h">
      <Filter>Lib Headers</Filter>
    </ClInclude>
    <ClInclude Include="SDL\include\SDL_config_winrt.h">
      <Filter>Lib Headers</Filter>
    </ClInclude>
    <ClInclude Include="SDL\include\SDL_config_wiz.h">
      <Filter>Lib Headers</Filter>
    </ClInclude>
    <ClInclude Include="SDL\include\SDL_copying.h">
      <Filter>Lib Headers</Filter>
    </ClInclude>
    <ClInclude Include="SDL\include\SDL_cpuinfo.h">
      <Filter>Lib Headers</Filter>
    </ClInclude>
    <ClInclude Include="SDL\include\SDL_egl.h">
      <Filter>Lib Headers</Filter>
    </ClInclude>
    <ClInclude Include="SDL\include\SDL_endian.h">
      <Filter>Lib Headers</Filter>
    </ClInclude>
    <ClInclude Include="SDL\include\SDL_error.h">
      <Filter>Lib Headers</Filter>
    </ClInclude>
    <ClInclude Include="SDL\include\SDL_events.h">
      <Filter>Lib Headers</Filter>
    </ClInclude>
    <ClInclude Include="SDL\include\SDL_filesystem.h">
      <Filter>Lib Headers</Filter>
    </ClInclude>
    <ClInclude Include="SDL\include\SDL_gamecontroller.h">
      <Filter>Lib Headers</Filter>
    </ClInclude>
    <ClInclude Include="SDL\include\SDL_gesture.h">
      <Filter>Lib Headers</Filter>
    </ClInclude>
    <ClInclude Include="SDL\include\SDL_haptic.h">
      <Filter>Lib Headers</Filter>
    </ClInclude>
    <ClInclude Include="SDL\include\SDL_hidapi.h">
      <Filter>Lib Headers</Filter>
    </ClInclude>
    <ClInclude Include="SDL\include\SDL_hints.h">
      <Filter>Lib Headers</Filter>
    </ClInclude>
    <ClInclude Include="SDL\include\SDL_joystick.h">
      <Filter>Lib Headers</Filter>
    </ClInclude>
    <ClInclude Include="SDL\include\SDL_keyboard.h">
      <Filter>Lib Headers</Filter>
    </ClInclude>
    <ClInclude Include="SDL\include\SDL_keycode.h">
      <Filter>Lib Headers</Filter>
    </ClInclude>
    <ClInclude Include="SDL\include\SDL_loadso.h">
      <Filter>Lib Headers</Filter>
    </ClInclude>
    <ClInclude Include="SDL\include\SDL_locale.h">
      <Filter>Lib Headers</Filter>
    </ClInclude>
    <ClInclude Include="SDL\include\SDL_log.h">
      <Filter>Lib Headers</Filter>
    </ClInclude>
    <ClInclude Include="SDL\include\SDL_main.h">
      <Filter>Lib Headers</Filter>
    </ClInclude>
    <ClInclude Include="SDL\include\SDL_messagebox.h">
      <Filter>Lib Headers</Filter>
    </ClInclude>
    <ClInclude Include="SDL\include\SDL_metal.h">
      <Filter>Lib Headers</Filter>
    </ClInclude>
    <ClInclude Include="SDL\include\SDL_misc.h">
      <Filter>Lib Headers</Filter>
    </ClInclude>
    <ClInclude Include="SDL\include\SDL_mouse.h">
      <Filter>Lib Headers</Filter>
    </ClInclude>
    <ClInclude Include="SDL\include\SDL_mutex.h">
      <Filter>Lib Headers</Filter>
    </ClInclude>
    <ClInclude Include="SDL\include\SDL_name.h">
      <Filter>Lib Headers</Filter>
    </ClInclude>
    <ClInclude Include="SDL\include\SDL_opengl.h">
      <Filter>Lib Headers</Filter>
    </ClInclude>
    <ClInclude Include="SDL\include\SDL_opengl_glext.h">
      <Filter>Lib Headers</Filter>
    </ClInclude>
    <ClInclude Include="SDL\include\SDL_opengles.h">
      <Filter>Lib Headers</Filter>
    </ClInclude>
    <ClInclude Include="SDL\include\SDL_opengles2.h">
      <Filter>Lib Headers</Filter>
    </ClInclude>
    <ClInclude Include="SDL\include\SDL_opengles2_gl2.h">
      <Filter>Lib Headers</Filter>
    </ClInclude>
    <ClInclude Include="SDL\include\SDL_opengles2_gl2ext.h">
      <Filter>Lib Headers</Filter>
    </ClInclude>
    <ClInclude Include="SDL\include\SDL_opengles2_gl2platform.h">
      <Filter>Lib Headers</Filter>
    </ClInclude>
    <ClInclude Include="SDL\include\SDL_opengles2_khrplatform.h">
      <Filter>Lib Headers</Filter>
    </ClInclude>
    <ClInclude Include="SDL\include\SDL_pixels.h">
      <Filter>Lib Headers</Filter>
    </ClInclude>
    <ClInclude Include="SDL\include\SDL_platform.h">
      <Filter>Lib Headers</Filter>
    </ClInclude>
    <ClInclude Include="SDL\include\SDL_power.h">
      <Filter>Lib Headers</Filter>
    </ClInclude>
    <ClInclude Include="SDL\include\SDL_quit.h">
      <Filter>Lib Headers</Filter>
    </ClInclude>
    <ClInclude Include="SDL\include\SDL_rect.h">
      <Filter>Lib Headers</Filter>
    </ClInclude>
    <ClInclude Include="SDL\include\SDL_render.h">
      <Filter>Lib Headers</Filter>
    </ClInclude>
    <ClInclude Include="SDL\include\SDL_revision.h">
      <Filter>Lib Headers</Filter>
    </ClInclude>
    <ClInclude Include="SDL\include\SDL_rwops.h">
      <Filter>Lib Headers</Filter>
    </ClInclude>
    <ClInclude Include="SDL\include\SDL_scancode.h">
      <Filter>Lib Headers</Filter>
    </ClInclude>
    <ClInclude Include="SDL\include\SDL_sensor.h">
      <Filter>Lib Headers</Filter>
    </ClInclude>
    <ClInclude Include="SDL\include\SDL_shape.h">
      <Filter>Lib Headers</Filter>
    </ClInclude>
    <ClInclude Include="SDL\include\SDL_stdinc.h">
      <Filter>Lib Headers</Filter>
    </ClInclude>
    <ClInclude Include="SDL\include\SDL_surface.h">
      <Filter>Lib Headers</Filter>
    </ClInclude>
    <ClInclude Include="SDL\include\SDL_system.h">
      <Filter>Lib Headers</Filter>
    </ClInclude>
    <ClInclude Include="SDL\include\SDL_syswm.h">
      <Filter>Lib Headers</Filter>
    </ClInclude>
    <ClInclude Include="SDL\include\SDL_test.h">
      <Filter>Lib Headers</Filter>
    </ClInclude>
    <ClInclude Include="SDL\include\SDL_test_assert.h">
      <Filter>Lib Headers</Filter>
    </ClInclude>
    <ClInclude Include="SDL\include\SDL_test_common.h">
      <Filter>Lib Headers</Filter>
    </ClInclude>
    <ClInclude Include="SDL\include\SDL_test_compare.h">
      <Filter>Lib Headers</Filter>
    </ClInclude>
    <ClInclude Include="SDL\include\SDL_test_crc32.h">
      <Filter>Lib Headers</Filter>
    </ClInclude>
    <ClInclude Include="SDL\include\SDL_test_font.h">
      <Filter>Lib Headers</Filter>
    </ClInclude>
    <ClInclude Include="SDL\include\SDL_test_fuzzer.h">
      <Filter>Lib Headers</Filter>
    </ClInclude>
    <ClInclude Include="SDL\include\SDL_test_harness.h">
      <Filter>Lib Headers</Filter>
    </ClInclude>
    <ClInclude Include="SDL\include\SDL_test_images.h">
      <Filter>Lib Headers</Filter>
    </ClInclude>
    <ClInclude Include="SDL\include\SDL_test_log.h">
      <Filter>Lib Headers</Filter>
    </ClInclude>
    <ClInclude Include="SDL\include\SDL_test_md5.h">
      <Filter>Lib Headers</Filter>
    </ClInclude>
    <ClInclude Include="SDL\include\SDL_test_memory.h">
      <Filter>Lib Headers</Filter>
    </ClInclude>
    <ClInclude Include="SDL\include\SDL_test_random.h">
      <Filter>Lib Headers</Filter>
    </ClInclude>
    <ClInclude Include="SDL\include\SDL_thread.h">
      <Filter>Lib Headers</Filter>
    </ClInclude>
    <ClInclude Include="SDL\include\SDL_timer.h">
      <Filter>Lib Headers</Filter>
    </ClInclude>
    <ClInclude Include="SDL\include\SDL_touch.h">
      <Filter>Lib Headers</Filter>
    </ClInclude>
    <ClInclude Include="SDL\include\SDL_types.h">
      <Filter>Lib Headers</Filter>
    </ClInclude>
    <ClInclude Include="SDL\include\SDL_version.h">
      <Filter>Lib Headers</Filter>
    </ClInclude>
    <ClInclude Include="SDL\include\SDL_video.h">
      <Filter>Lib Headers</Filter>
    </ClInclude>
    <ClInclude Include="SDL\include\SDL_vulkan.h">
      <Filter>Lib Headers</Filter>
    </ClInclude>
    <ClInclude Include="SDL\include\SDL_image.h">
      <Filter>Lib Headers</Filter>
    </ClInclude>
    <ClInclude Include="SDL\include\SDL_mixer.h">
      <Filter>Lib Headers</Filter>
    </ClInclude>
    <ClInclude Include="SDL\include\SDL_ttf.h">
      <Filter>Lib Headers</Filter>
    </ClInclude>
    <ClInclude Include="cairo\cairo.h">
      <Filter>Lib Headers</Filter>
    </ClInclude>
    <ClInclude Include="cairo\cairo-deprecated.h">
      <Filter>Lib Headers</Filter>
    </ClInclude>
    <ClInclude Include="cairo\cairo-features.h">
      <Filter>Lib Headers</Filter>
    </ClInclude>
    <ClInclude Include="cairo\cairo-ft.h">
      <Filter>Lib Headers</Filter>
    </ClInclude>
    <ClInclude Include="cairo\cairo-gobject.h">
      <Filter>Lib Headers</Filter>
    </ClInclude>
    <ClInclude Include="cairo\cairo-pdf.h">
      <Filter>Lib Headers</Filter>
    </ClInclude>
    <ClInclude Include="cairo\cairo-ps.h">
      <Filter>Lib Headers</Filter>
    </ClInclude>
    <ClInclude Include="cairo\cairo-script-interpreter.h">
      <Filter>Lib Headers</Filter>
    </ClInclude>
    <ClInclude Include="cairo\cairo-svg.h">
      <Filter>Lib Headers</Filter>
    </ClInclude>
    <ClInclude Include="cairo\cairo-version.h">
      <Filter>Lib Headers</Filter>
    </ClInclude>
    <ClInclude Include="cairo\cairo-win32.h">
      <Filter>Lib Headers</Filter>
    </ClInclude>
    <ClInclude Include="menu-settings.h">
      <Filter>_Headers\ui</Filter>
    </ClInclude>
    <ClInclude Include="menu-settings-screen.h">
      <Filter>_Headers\ui</Filter>
    </ClInclude>
    <ClInclude Include="dialogcontrols.h">
      <Filter>_Headers\ui</Filter>
    </ClInclude>
    <ClInclude Include="splash.h">
      <Filter>_Headers\ui</Filter>
    </ClInclude>
    <ClInclude Include="dexassy.h">
      <Filter>_Headers\res</Filter>
    </ClInclude>
    <ClInclude Include="geom2d.h">
      <Filter>_Headers\algo</Filter>
    </ClInclude>
    <ClInclude Include="huff-comp.h">
      <Filter>_Headers\util</Filter>
    </ClInclude>
    <ClInclude Include="huff-deco.h">
      <Filter>_Headers\util</Filter>
    </ClInclude>
    <ClInclude Include="enxassy.h">
      <Filter>_Headers\res</Filter>
    </ClInclude>
    <ClInclude Include="chunk-constants.h">
      <Filter>_Headers\res</Filter>
    </ClInclude>
    <ClInclude Include="chunk-sizes.h">
      <Filter>_Headers\res</Filter>
    </ClInclude>
    <ClInclude Include="pch.h">
      <Filter>_Headers\util</Filter>
    </ClInclude>
    <ClInclude Include="boydsa.h">
      <Filter>_Headers\algo</Filter>
    </ClInclude>
    <ClInclude Include="collision.h">
      <Filter>_Headers\algo</Filter>
    </ClInclude>
    <ClInclude Include="gpuchan.h">
      <Filter>_Headers\ui</Filter>
    </ClInclude>
    <ClInclude Include="menu-settings-lang.h">
      <Filter>_Headers\ui</Filter>
    </ClInclude>
    <ClInclude Include="clumsypack.h">
      <Filter>_Headers\algo</Filter>
    </ClInclude>
    <ClInclude Include="sfx.h">
      <Filter>_Headers\audio</Filter>
    </ClInclude>
    <ClInclude Include="menu-load.h">
      <Filter>_Headers\ui</Filter>
    </ClInclude>
    <ClInclude Include="resutil.h">
      <Filter>_Headers\res</Filter>
    </ClInclude>
    <ClInclude Include="menu-continue-empty.h">
      <Filter>_Headers\ui</Filter>
    </ClInclude>
    <ClInclude Include="harvard.h">
      <Filter>_Headers\algo</Filter>
    </ClInclude>
    <ClInclude Include="menu-ingame.h">
      <Filter>_Headers\ui</Filter>
    </ClInclude>
    <ClInclude Include="enxlate.h">
      <Filter>_Headers\res</Filter>
    </ClInclude>
    <ClInclude Include="xlations.h">
      <Filter>_Headers\ui</Filter>
    </ClInclude>
    <ClInclude Include="xlations-en.h">
      <Filter>_Headers\ui</Filter>
    </ClInclude>
    <ClInclude Include="xlations-de.h">
      <Filter>_Headers\ui</Filter>
    </ClInclude>
    <ClInclude Include="xlations-fi.h">
      <Filter>_Headers\ui</Filter>
    </ClInclude>
    <ClInclude Include="xlations-ua.h">
      <Filter>_Headers\ui</Filter>
    </ClInclude>
    <ClInclude Include="datetime.h">
      <Filter>_Headers\util</Filter>
    </ClInclude>
    <ClInclude Include="playerhud.h">
      <Filter>_Headers\ui</Filter>
    </ClInclude>
    <ClInclude Include="region-banner.h">
      <Filter>_Headers\ui</Filter>
    </ClInclude>
    <ClInclude Include="constants.h">
      <Filter>_Headers\core</Filter>
    </ClInclude>
    <ClInclude Include="enums.h">
      <Filter>_Headers\core</Filter>
    </ClInclude>
    <ClInclude Include="main.h">
      <Filter>_Headers\core</Filter>
    </ClInclude>
    <ClInclude Include="offscreen-rendering.h">
      <Filter>_Headers\core</Filter>
    </ClInclude>
    <ClInclude Include="resource.h">
      <Filter>_Headers\core</Filter>
    </ClInclude>
    <ClInclude Include="scripture.h">
      <Filter>_Headers\core</Filter>
    </ClInclude>
    <ClInclude Include="settings.h">
      <Filter>_Headers\core</Filter>
    </ClInclude>
    <ClInclude Include="ding.h">
      <Filter>_Headers\game</Filter>
    </ClInclude>
    <ClInclude Include="dingsheet.h">
      <Filter>_Headers\game</Filter>
    </ClInclude>
    <ClInclude Include="flap.h">
      <Filter>_Headers\game</Filter>
    </ClInclude>
    <ClInclude Include="gamestate.h">
      <Filter>_Headers\game</Filter>
    </ClInclude>
    <ClInclude Include="gameview.h">
      <Filter>_Headers\game</Filter>
    </ClInclude>
    <ClInclude Include="newworld.h">
      <Filter>_Headers\game</Filter>
    </ClInclude>
    <ClInclude Include="orchestrator.h">
      <Filter>_Headers\game</Filter>
    </ClInclude>
    <ClInclude Include="playerstate.h">
      <Filter>_Headers\game</Filter>
    </ClInclude>
    <ClInclude Include="renderstate.h">
      <Filter>_Headers\game</Filter>
    </ClInclude>
    <ClInclude Include="savegame.h">
      <Filter>_Headers\game</Filter>
    </ClInclude>
    <ClInclude Include="drawing.h">
      <Filter>_Headers\core</Filter>
    </ClInclude>
    <ClInclude Include="physicsdebugdraw.h">
      <Filter>_Headers\physics</Filter>
    </ClInclude>
    <ClInclude Include="menu-multimonitor.h">
      <Filter>_Headers\ui</Filter>
    </ClInclude>
    <ClInclude Include="physics-render-binding.h">
      <Filter>_Headers\physics</Filter>
    </ClInclude>
    <ClInclude Include="menu-common.h">
      <Filter>_Headers\ui</Filter>
    </ClInclude>
  </ItemGroup>
  <ItemGroup>
    <ClCompile Include="dialogcontrols.cpp">
      <Filter>_Source Files\ui</Filter>
    </ClCompile>
    <ClCompile Include="menu-settings.cpp">
      <Filter>_Source Files\ui</Filter>
    </ClCompile>
    <ClCompile Include="splash.cpp">
      <Filter>_Source Files\ui</Filter>
    </ClCompile>
    <ClCompile Include="menu-settings-screen.cpp">
      <Filter>_Source Files\ui</Filter>
    </ClCompile>
    <ClCompile Include="dexassy.cpp">
      <Filter>_Source Files\res</Filter>
    </ClCompile>
    <ClCompile Include="huff-comp.cpp">
      <Filter>_Source Files\util</Filter>
    </ClCompile>
    <ClCompile Include="huff-deco.cpp">
      <Filter>_Source Files\util</Filter>
    </ClCompile>
    <ClCompile Include="pch.cpp">
      <Filter>_Source Files\util</Filter>
    </ClCompile>
    <ClCompile Include="geom2d.cpp">
      <Filter>_Source Files\algo</Filter>
    </ClCompile>
    <ClCompile Include="enxassy.cpp">
      <Filter>_Source Files\res</Filter>
    </ClCompile>
    <ClCompile Include="boydsa.cpp">
      <Filter>_Source Files\algo</Filter>
    </ClCompile>
    <ClCompile Include="collision.cpp">
      <Filter>_Source Files\algo</Filter>
    </ClCompile>
    <ClCompile Include="gpuchan.cpp">
      <Filter>_Source Files\ui</Filter>
    </ClCompile>
    <ClCompile Include="menu-settings-lang.cpp">
      <Filter>_Source Files\ui</Filter>
    </ClCompile>
    <ClCompile Include="sfx.cpp">
      <Filter>_Source Files\audio</Filter>
    </ClCompile>
    <ClCompile Include="menu-load.cpp">
      <Filter>_Source Files\ui</Filter>
    </ClCompile>
    <ClCompile Include="resutil.cpp">
      <Filter>_Source Files\res</Filter>
    </ClCompile>
    <ClCompile Include="menu-continue-empty.cpp">
      <Filter>_Source Files\ui</Filter>
    </ClCompile>
    <ClCompile Include="harvard.cpp">
      <Filter>_Source Files\algo</Filter>
    </ClCompile>
    <ClCompile Include="menu-ingame.cpp">
      <Filter>_Source Files\ui</Filter>
    </ClCompile>
    <ClCompile Include="enxlate.cpp">
      <Filter>_Source Files\res</Filter>
    </ClCompile>
    <ClCompile Include="xlations.cpp">
      <Filter>_Source Files\res</Filter>
    </ClCompile>
    <ClCompile Include="datetime.cpp">
      <Filter>_Source Files\util</Filter>
    </ClCompile>
    <ClCompile Include="playerhud.cpp">
      <Filter>_Source Files\ui</Filter>
    </ClCompile>
    <ClCompile Include="offscreen-renderer-quest.cpp">
      <Filter>_Source Files\ui\offscreen</Filter>
    </ClCompile>
    <ClCompile Include="region-banner.cpp">
      <Filter>_Source Files\ui</Filter>
    </ClCompile>
    <ClCompile Include="ding.cpp">
      <Filter>_Source Files\game</Filter>
    </ClCompile>
    <ClCompile Include="dingsheet.cpp">
      <Filter>_Source Files\game</Filter>
    </ClCompile>
    <ClCompile Include="flap.cpp">
      <Filter>_Source Files\game</Filter>
    </ClCompile>
    <ClCompile Include="gamestate.cpp">
      <Filter>_Source Files\game</Filter>
    </ClCompile>
    <ClCompile Include="gameview.cpp">
      <Filter>_Source Files\game</Filter>
    </ClCompile>
    <ClCompile Include="newworld.cpp">
      <Filter>_Source Files\game</Filter>
    </ClCompile>
    <ClCompile Include="orchestrator.cpp">
      <Filter>_Source Files\game</Filter>
    </ClCompile>
    <ClCompile Include="playerstate.cpp">
      <Filter>_Source Files\game</Filter>
    </ClCompile>
    <ClCompile Include="renderstate.cpp">
      <Filter>_Source Files\game</Filter>
    </ClCompile>
    <ClCompile Include="savegame.cpp">
      <Filter>_Source Files\game</Filter>
    </ClCompile>
    <ClCompile Include="drawing.cpp">
      <Filter>_Source Files\core</Filter>
    </ClCompile>
    <ClCompile Include="main.cpp">
      <Filter>_Source Files\core</Filter>
    </ClCompile>
    <ClCompile Include="offscreen-rendering.cpp">
      <Filter>_Source Files\core</Filter>
    </ClCompile>
    <ClCompile Include="scripture.cpp">
      <Filter>_Source Files\core</Filter>
    </ClCompile>
    <ClCompile Include="settings.cpp">
      <Filter>_Source Files\core</Filter>
    </ClCompile>
    <ClCompile Include="physicsdebugdraw.cpp">
      <Filter>_Source Files\physics</Filter>
    </ClCompile>
    <ClCompile Include="menu-multimonitor.cpp">
      <Filter>_Source Files\ui</Filter>
    </ClCompile>
    <ClCompile Include="physics-render-binding.cpp">
      <Filter>_Source Files\physics</Filter>
    </ClCompile>
    <ClCompile Include="menu-common.cpp">
      <Filter>_Source Files\ui</Filter>
    </ClCompile>
  </ItemGroup>
  <ItemGroup>
    <None Include="SDL\lib\x64\SDL2.dll">
      <Filter>Platform</Filter>
    </None>
    <None Include="SDL\lib\x64\SDL2_image.dll">
      <Filter>Platform</Filter>
    </None>
    <None Include="SDL\lib\x64\SDL2_mixer.dll">
      <Filter>Platform</Filter>
    </None>
    <None Include="SDL\lib\x64\SDL2_ttf.dll">
      <Filter>Platform</Filter>
    </None>
    <None Include="planning\menus.ligma">
      <Filter>Planning</Filter>
    </None>
    <None Include="planning\players.ligma">
      <Filter>Planning</Filter>
    </None>
    <None Include="planning\scraps.ligma">
      <Filter>Planning</Filter>
    </None>
    <None Include="SDL\lib\x64\libcairo-2.dll">
      <Filter>Platform</Filter>
    </None>
    <None Include="SDL\lib\x64\libexpat-1.dll">
      <Filter>Platform</Filter>
    </None>
    <None Include="SDL\lib\x64\libfontconfig-1.dll">
      <Filter>Platform</Filter>
    </None>
    <None Include="SDL\lib\x64\libfreetype-6.dll">
      <Filter>Platform</Filter>
    </None>
    <None Include="SDL\lib\x64\libpng14-14.dll">
      <Filter>Platform</Filter>
    </None>
    <None Include="SDL\lib\x64\zlib1.dll">
      <Filter>Platform</Filter>
    </None>
    <None Include="planning\gfx.ligma">
      <Filter>Planning</Filter>
    </None>
    <None Include="planning\sidequests.ligma">
      <Filter>Planning</Filter>
    </None>
    <None Include="planning\dramatis-personae.ligma">
      <Filter>Planning</Filter>
    </None>
    <None Include="gameres.xassy.recipe">
      <Filter>Resource Files</Filter>
    </None>
    <None Include="planning\sfx.ligma">
      <Filter>Planning</Filter>
    </None>
    <None Include="gameres.xlation.recipe">
      <Filter>Resource Files</Filter>
    </None>
    <None Include="res\manufacturer.dlg">
      <Filter>Resource Files\ui</Filter>
    </None>
    <None Include="res\dingdescriptions.1.bml">
      <Filter>Resource Files\dingdescr</Filter>
    </None>
    <None Include="res\convo.1.bml">
      <Filter>Resource Files\convo</Filter>
    </None>
    <None Include="planning\gameplay.ligma">
      <Filter>Planning</Filter>
    </None>
    <None Include="planning\quests.ligma">
      <Filter>Planning</Filter>
    </None>
    <None Include="planning\worldbuilding.ligma">
      <Filter>Planning</Filter>
    </None>
    <None Include="package-box2d.cmd">
      <Filter>Lib Dependencies</Filter>
    </None>
    <None Include="package-box2d-release.cmd">
      <Filter>Lib Dependencies</Filter>
    </None>
    <None Include="packages.config">
      <Filter>Resource Files\win</Filter>
    </None>
    <None Include="cpp.hint">
      <Filter>Resource Files\win</Filter>
    </None>
  </ItemGroup>
  <ItemGroup>
    <Library Include="SDL\lib\x64\SDL2.lib">
      <Filter>Lib Files</Filter>
    </Library>
    <Library Include="SDL\lib\x64\SDL2_image.lib">
      <Filter>Lib Files</Filter>
    </Library>
    <Library Include="SDL\lib\x64\SDL2_mixer.lib">
      <Filter>Lib Files</Filter>
    </Library>
    <Library Include="SDL\lib\x64\SDL2_ttf.lib">
      <Filter>Lib Files</Filter>
    </Library>
    <Library Include="SDL\lib\x64\SDL2test.lib">
      <Filter>Lib Files</Filter>
    </Library>
    <Library Include="SDL\lib\x64\SDL2main.lib">
      <Filter>Lib Files</Filter>
    </Library>
    <Library Include="SDL\lib\x64\cairo.lib">
      <Filter>Lib Files</Filter>
    </Library>
  </ItemGroup>
  <ItemGroup>
    <Image Include="res\barrel-indigo.png">
      <Filter>Resource Files\dings</Filter>
    </Image>
    <Image Include="res\barrel-wooden.png">
      <Filter>Resource Files\dings</Filter>
    </Image>
    <Image Include="res\chel-f.png">
      <Filter>Resource Files\dings</Filter>
    </Image>
    <Image Include="res\floorrocktile.png">
      <Filter>Resource Files\dings</Filter>
    </Image>
    <Image Include="res\floorrocktile-cracked.png">
      <Filter>Resource Files\dings</Filter>
    </Image>
    <Image Include="res\floorstonetile-ochre.png">
      <Filter>Resource Files\dings</Filter>
    </Image>
    <Image Include="res\floorstonetile-purple.png">
      <Filter>Resource Files\dings</Filter>
    </Image>
    <Image Include="res\floorstonetile-slate.png">
      <Filter>Resource Files\dings</Filter>
    </Image>
    <Image Include="res\grass.png">
      <Filter>Resource Files\dings</Filter>
    </Image>
    <Image Include="res\lettuce.png">
      <Filter>Resource Files\dings</Filter>
    </Image>
    <Image Include="res\schaedel.png">
      <Filter>Resource Files\dings</Filter>
    </Image>
    <Image Include="res\snowblock.png">
      <Filter>Resource Files\dings</Filter>
    </Image>
    <Image Include="res\barrel-loaded.png">
      <Filter>Resource Files\dings</Filter>
    </Image>
    <Image Include="res\rooof-meshtile.png">
      <Filter>Resource Files\dings</Filter>
    </Image>
    <Image Include="res\nn-splash-scene.png">
      <Filter>Resource Files\ui</Filter>
    </Image>
    <Image Include="res\gpu-chan.png">
      <Filter>Resource Files\ui</Filter>
    </Image>
    <Image Include="res\it-runs-doom.png">
      <Filter>Resource Files\ui</Filter>
    </Image>
    <Image Include="res\icon-divine.png">
      <Filter>Resource Files\ui</Filter>
    </Image>
    <Image Include="res\icon-herc.png">
      <Filter>Resource Files\ui</Filter>
    </Image>
    <Image Include="res\menu-emptyness.png">
      <Filter>Resource Files\ui</Filter>
    </Image>
    <Image Include="res\player3.png">
      <Filter>Resource Files\mobs</Filter>
    </Image>
    <Image Include="res\icon-hd.png">
      <Filter>Resource Files\ui</Filter>
    </Image>
    <Image Include="res\player2.png">
      <Filter>Resource Files\mobs</Filter>
    </Image>
    <Image Include="res\player4.png">
      <Filter>Resource Files\mobs</Filter>
    </Image>
    <Image Include="res\player1.png">
      <Filter>Resource Files\mobs</Filter>
    </Image>
    <Image Include="res\sample-map.png">
      <Filter>Resource Files\ui</Filter>
    </Image>
    <Image Include="blooDot.ico">
      <Filter>Resource Files\win</Filter>
    </Image>
  </ItemGroup>
  <ItemGroup>
    <Text Include="LICENSE.txt" />
    <Text Include="boxchars.txt">
      <Filter>Resource Files</Filter>
    </Text>
    <Text Include="legalese\clearsans.txt">
      <Filter>Resource Files\legalese</Filter>
    </Text>
    <Text Include="legalese\ofl.txt">
      <Filter>Resource Files\legalese</Filter>
    </Text>
    <Text Include="legalese\SIL-Open-Font-License.txt">
      <Filter>Resource Files\legalese</Filter>
    </Text>
    <Text Include="legalese\box2d-licence.txt">
      <Filter>Resource Files\legalese</Filter>
    </Text>
    <Text Include="legalese\sdl-and-gamecontrollerdb-licence.txt">
      <Filter>Resource Files\legalese</Filter>
    </Text>
    <Text Include="res\gamecontrollerdb.txt">
      <Filter>Resource Files\ui</Filter>
    </Text>
  </ItemGroup>
  <ItemGroup>
    <Font Include="res\esl-gothic-shavian.ttf">
      <Filter>Resource Files\ui</Filter>
    </Font>
    <Font Include="res\freckleface-regular-show.ttf">
      <Filter>Resource Files\ui</Filter>
    </Font>
    <Font Include="res\fredokaone-regular-show.ttf">
      <Filter>Resource Files\ui</Filter>
    </Font>
    <Font Include="res\yesevaone-regular-show.otf">
      <Filter>Resource Files\ui</Filter>
    </Font>
    <Font Include="res\clear-sans-normie.ttf">
      <Filter>Resource Files\ui</Filter>
    </Font>
    <Font Include="res\clear-sans-fat.ttf">
      <Filter>Resource Files\ui</Filter>
    </Font>
  </ItemGroup>
  <ItemGroup>
    <Media Include="res\projectile-decay.wav">
      <Filter>Resource Files\sfx</Filter>
    </Media>
    <Media Include="res\asterisk.wav">
      <Filter>Resource Files\sfx</Filter>
    </Media>
    <Media Include="res\bump.wav">
      <Filter>Resource Files\sfx</Filter>
    </Media>
    <Media Include="res\selchg.wav">
      <Filter>Resource Files\sfx</Filter>
    </Media>
    <Media Include="res\selconf.wav">
      <Filter>Resource Files\sfx</Filter>
    </Media>
    <Media Include="res\cricket-fritz.wav">
      <Filter>Resource Files\sfx</Filter>
    </Media>
    <Media Include="res\cricket-franz.wav">
      <Filter>Resource Files\sfx</Filter>
    </Media>
  </ItemGroup>
  <ItemGroup>
    <ResourceCompile Include="blooDot.rc">
      <Filter>Resource Files\win</Filter>
    </ResourceCompile>
  </ItemGroup>
</Project>